
Microsoft Visual Studio Solution File, Format Version 12.00
# Visual Studio 15
VisualStudioVersion = 15.0.28307.572
MinimumVisualStudioVersion = 10.0.40219.1
Project("{FAE04EC0-301F-11D3-BF4B-00C04F79EFBC}") = "WindowsStockTool", "WindowsStockTool\WindowsStockTool.csproj", "{5FCF97A3-F5C8-4890-BD03-88229C9B486C}"
EndProject
Global
	GlobalSection(SolutionConfigurationPlatforms) = preSolution
		Debug|Any CPU = Debug|Any CPU
		Release|Any CPU = Release|Any CPU
	EndGlobalSection
	GlobalSection(ProjectConfigurationPlatforms) = postSolution
		{5FCF97A3-F5C8-4890-BD03-88229C9B486C}.Debug|Any CPU.ActiveCfg = Debug|Any CPU
		{5FCF97A3-F5C8-4890-BD03-88229C9B486C}.Debug|Any CPU.Build.0 = Debug|Any CPU
		{5FCF97A3-F5C8-4890-BD03-88229C9B486C}.Release|Any CPU.ActiveCfg = Release|Any CPU
		{5FCF97A3-F5C8-4890-BD03-88229C9B486C}.Release|Any CPU.Build.0 = Release|Any CPU
	EndGlobalSection
	GlobalSection(SolutionProperties) = preSolution
		HideSolutionNode = FALSE
	EndGlobalSection
	GlobalSection(ExtensibilityGlobals) = postSolution
		SolutionGuid = {24341941-DFF8-4457-B54C-4C9D2D3F7487}
	EndGlobalSection
EndGlobal
